{
  "name": "llmwiki-bridge-start",
  "version": "0.0.1",
  "lockfileVersion": 3,
  "requires": true,
  "packages": {
    "": {
      "name": "llmwiki-bridge-start",
      "version": "0.0.1",
      "license": "Apache-2.0",
      "bin": {
        "llmwiki-bridge-start": "bin/llmwiki-bridge-start.mjs"
      },
      "engines": {
        "node": ">=22.12",
        "npm": ">=10"
      }
    }
  }
}
